// !$*UTF8*$!
{
	archiveVersion = 1;
	classes = {};
	objectVersion = 56;
	objects = {

/* Begin PBXBuildFile section */
		A10000000000000000000001 /* AppMain.swift in Sources */ = {isa = PBXBuildFile; fileRef = A20000000000000000000001 /* AppMain.swift */; };
		A10000000000000000000002 /* DuoWidget.swift in Sources */ = {isa = PBXBuildFile; fileRef = A20000000000000000000002 /* DuoWidget.swift */; };
		A10000000000000000000003 /* DuoWidget.appex in Embed App Extensions */ = {isa = PBXBuildFile; fileRef = A20000000000000000000005 /* DuoWidget.appex */; settings = {ATTRIBUTES = (CodeSignOnCopy, RemoveHeadersOnCopy, ); }; };
/* End PBXBuildFile section */

/* Begin PBXCopyFilesBuildPhase section */
		A30000000000000000000001 /* Embed App Extensions */ = {
			isa = PBXCopyFilesBuildPhase;
			buildActionMask = 2147483647;
			dstPath = "";
			dstSubfolderSpec = 13;
			files = (A10000000000000000000003 /* DuoWidget.appex in Embed App Extensions */, );
			name = "Embed App Extensions";
			runOnlyForDeploymentPostprocessing = 0;
		};
/* End PBXCopyFilesBuildPhase section */

/* Begin PBXFileReference section */
		A20000000000000000000001 /* AppMain.swift */ = {isa = PBXFileReference; lastKnownFileType = sourcecode.swift; path = Sources/DuoPrototype/AppMain.swift; sourceTree = "<group>"; };
		A20000000000000000000002 /* DuoWidget.swift */ = {isa = PBXFileReference; lastKnownFileType = sourcecode.swift; path = Sources/DuoWidget/DuoWidget.swift; sourceTree = "<group>"; };
		A20000000000000000000003 /* Info.plist */ = {isa = PBXFileReference; lastKnownFileType = text.plist.xml; path = Resources/Info.plist; sourceTree = "<group>"; };
		A20000000000000000000004 /* Widget-Info.plist */ = {isa = PBXFileReference; lastKnownFileType = text.plist.xml; path = Resources/Widget-Info.plist; sourceTree = "<group>"; };
		A20000000000000000000005 /* DuoWidget.appex */ = {isa = PBXFileReference; explicitFileType = wrapper.app-extension; includeInIndex = 0; path = DuoWidget.appex; sourceTree = BUILT_PRODUCTS_DIR; };
		A20000000000000000000006 /* DuoPrototype.app */ = {isa = PBXFileReference; explicitFileType = wrapper.application; includeInIndex = 0; path = DuoPrototype.app; sourceTree = BUILT_PRODUCTS_DIR; };
		A20000000000000000000007 /* DuoWidget.entitlements */ = {isa = PBXFileReference; lastKnownFileType = text.plist.entitlements; path = Resources/DuoWidget.entitlements; sourceTree = "<group>"; };
/* End PBXFileReference section */

/* Begin PBXFrameworksBuildPhase section */
		A30000000000000000000002 /* Frameworks */ = {isa = PBXFrameworksBuildPhase; buildActionMask = 2147483647; files = (); runOnlyForDeploymentPostprocessing = 0; };
		A30000000000000000000003 /* Frameworks */ = {isa = PBXFrameworksBuildPhase; buildActionMask = 2147483647; files = (); runOnlyForDeploymentPostprocessing = 0; };
/* End PBXFrameworksBuildPhase section */

/* Begin PBXGroup section */
		A40000000000000000000001 = {
			isa = PBXGroup;
			children = (
				A40000000000000000000002 /* Sources */,
				A40000000000000000000003 /* Resources */,
				A40000000000000000000004 /* Products */,
			);
			sourceTree = "<group>";
		};
		A40000000000000000000002 /* Sources */ = {isa = PBXGroup; children = (A20000000000000000000001 /* AppMain.swift */, A20000000000000000000002 /* DuoWidget.swift */, ); name = Sources; sourceTree = "<group>"; };
		A40000000000000000000003 /* Resources */ = {isa = PBXGroup; children = (A20000000000000000000003 /* Info.plist */, A20000000000000000000004 /* Widget-Info.plist */, A20000000000000000000007 /* DuoWidget.entitlements */, ); name = Resources; sourceTree = "<group>"; };
		A40000000000000000000004 /* Products */ = {isa = PBXGroup; children = (A20000000000000000000006 /* DuoPrototype.app */, A20000000000000000000005 /* DuoWidget.appex */, ); name = Products; sourceTree = "<group>"; };
/* End PBXGroup section */

/* Begin PBXNativeTarget section */
		A50000000000000000000001 /* DuoPrototype */ = {
			isa = PBXNativeTarget;
			buildConfigurationList = A90000000000000000000001 /* Build configuration list for PBXNativeTarget "DuoPrototype" */;
			buildPhases = (A30000000000000000000004 /* Sources */, A30000000000000000000002 /* Frameworks */, A30000000000000000000005 /* Resources */, A30000000000000000000001 /* Embed App Extensions */, );
			buildRules = ();
			dependencies = (A70000000000000000000001 /* PBXTargetDependency */, );
			name = DuoPrototype;
			productName = DuoPrototype;
			productReference = A20000000000000000000006 /* DuoPrototype.app */;
			productType = "com.apple.product-type.application";
		};
		A50000000000000000000002 /* DuoWidget */ = {
			isa = PBXNativeTarget;
			buildConfigurationList = A90000000000000000000002 /* Build configuration list for PBXNativeTarget "DuoWidget" */;
			buildPhases = (A30000000000000000000006 /* Sources */, A30000000000000000000003 /* Frameworks */, A30000000000000000000007 /* Resources */, );
			buildRules = ();
			dependencies = ();
			name = DuoWidget;
			productName = DuoWidget;
			productReference = A20000000000000000000005 /* DuoWidget.appex */;
			productType = "com.apple.product-type.app-extension";
		};
/* End PBXNativeTarget section */

/* Begin PBXProject section */
		A60000000000000000000001 /* Project object */ = {
			isa = PBXProject;
			attributes = {BuildIndependentTargetsInParallel = 1; LastUpgradeCheck = 2660; TargetAttributes = {A50000000000000000000001 = {CreatedOnToolsVersion = 26.6; }; A50000000000000000000002 = {CreatedOnToolsVersion = 26.6; }; }; };
			buildConfigurationList = A90000000000000000000003 /* Build configuration list for PBXProject "DuoPrototype" */;
			compatibilityVersion = "Xcode 16.0";
			developmentRegion = en;
			hasScannedForEncodings = 0;
			knownRegions = (en, Base, );
			mainGroup = A40000000000000000000001;
			productRefGroup = A40000000000000000000004 /* Products */;
			projectDirPath = "";
			projectRoot = "";
			targets = (A50000000000000000000001 /* DuoPrototype */, A50000000000000000000002 /* DuoWidget */, );
		};
/* End PBXProject section */

/* Begin PBXResourcesBuildPhase section */
		A30000000000000000000005 /* Resources */ = {isa = PBXResourcesBuildPhase; buildActionMask = 2147483647; files = (); runOnlyForDeploymentPostprocessing = 0; };
		A30000000000000000000007 /* Resources */ = {isa = PBXResourcesBuildPhase; buildActionMask = 2147483647; files = (); runOnlyForDeploymentPostprocessing = 0; };
/* End PBXResourcesBuildPhase section */

/* Begin PBXSourcesBuildPhase section */
		A30000000000000000000004 /* Sources */ = {isa = PBXSourcesBuildPhase; buildActionMask = 2147483647; files = (A10000000000000000000001 /* AppMain.swift in Sources */, ); runOnlyForDeploymentPostprocessing = 0; };
		A30000000000000000000006 /* Sources */ = {isa = PBXSourcesBuildPhase; buildActionMask = 2147483647; files = (A10000000000000000000002 /* DuoWidget.swift in Sources */, ); runOnlyForDeploymentPostprocessing = 0; };
/* End PBXSourcesBuildPhase section */

/* Begin PBXTargetDependency section */
		A70000000000000000000001 /* PBXTargetDependency */ = {isa = PBXTargetDependency; target = A50000000000000000000002 /* DuoWidget */; targetProxy = A80000000000000000000001 /* PBXContainerItemProxy */; };
/* End PBXTargetDependency section */

/* Begin PBXContainerItemProxy section */
		A80000000000000000000001 /* PBXContainerItemProxy */ = {isa = PBXContainerItemProxy; containerPortal = A60000000000000000000001 /* Project object */; proxyType = 1; remoteGlobalIDString = A50000000000000000000002; remoteInfo = DuoWidget; };
/* End PBXContainerItemProxy section */

/* Begin XCBuildConfiguration section */
		AB0000000000000000000001 /* Debug project */ = {isa = XCBuildConfiguration; buildSettings = {CLANG_ENABLE_MODULES = YES; MACOSX_DEPLOYMENT_TARGET = 14.0; SDKROOT = macosx; SWIFT_VERSION = 5.0; }; name = Debug; };
		AB0000000000000000000002 /* Release project */ = {isa = XCBuildConfiguration; buildSettings = {CLANG_ENABLE_MODULES = YES; MACOSX_DEPLOYMENT_TARGET = 14.0; SDKROOT = macosx; SWIFT_VERSION = 5.0; }; name = Release; };
		AB0000000000000000000003 /* Debug app */ = {isa = XCBuildConfiguration; buildSettings = {CODE_SIGN_IDENTITY = "-"; CODE_SIGN_STYLE = Manual; GENERATE_INFOPLIST_FILE = NO; INFOPLIST_FILE = Resources/Info.plist; MACOSX_DEPLOYMENT_TARGET = 14.0; PRODUCT_BUNDLE_IDENTIFIER = com.local.duo-prototype; PRODUCT_NAME = DuoPrototype; SDKROOT = macosx; SWIFT_VERSION = 5.0; }; name = Debug; };
		AB0000000000000000000004 /* Release app */ = {isa = XCBuildConfiguration; buildSettings = {CODE_SIGN_IDENTITY = "-"; CODE_SIGN_STYLE = Manual; GENERATE_INFOPLIST_FILE = NO; INFOPLIST_FILE = Resources/Info.plist; MACOSX_DEPLOYMENT_TARGET = 14.0; PRODUCT_BUNDLE_IDENTIFIER = com.local.duo-prototype; PRODUCT_NAME = DuoPrototype; SDKROOT = macosx; SWIFT_VERSION = 5.0; }; name = Release; };
		AB0000000000000000000005 /* Debug widget */ = {isa = XCBuildConfiguration; buildSettings = {APPLICATION_EXTENSION_API_ONLY = YES; CODE_SIGN_ENTITLEMENTS = Resources/DuoWidget.entitlements; CODE_SIGN_IDENTITY = "-"; CODE_SIGN_STYLE = Manual; ENABLE_APP_SANDBOX = YES; GENERATE_INFOPLIST_FILE = NO; INFOPLIST_FILE = Resources/Widget-Info.plist; LD_RUNPATH_SEARCH_PATHS = ("$(inherited)", "@executable_path/../Frameworks", "@executable_path/../../../../Frameworks", ); MACOSX_DEPLOYMENT_TARGET = 14.0; PRODUCT_BUNDLE_IDENTIFIER = com.local.duo-prototype.widget; PRODUCT_NAME = DuoWidget; SDKROOT = macosx; SKIP_INSTALL = YES; SWIFT_VERSION = 5.0; }; name = Debug; };
		AB0000000000000000000006 /* Release widget */ = {isa = XCBuildConfiguration; buildSettings = {APPLICATION_EXTENSION_API_ONLY = YES; CODE_SIGN_ENTITLEMENTS = Resources/DuoWidget.entitlements; CODE_SIGN_IDENTITY = "-"; CODE_SIGN_STYLE = Manual; ENABLE_APP_SANDBOX = YES; GENERATE_INFOPLIST_FILE = NO; INFOPLIST_FILE = Resources/Widget-Info.plist; LD_RUNPATH_SEARCH_PATHS = ("$(inherited)", "@executable_path/../Frameworks", "@executable_path/../../../../Frameworks", ); MACOSX_DEPLOYMENT_TARGET = 14.0; PRODUCT_BUNDLE_IDENTIFIER = com.local.duo-prototype.widget; PRODUCT_NAME = DuoWidget; SDKROOT = macosx; SKIP_INSTALL = YES; SWIFT_VERSION = 5.0; }; name = Release; };
		AB0000000000000000000007 /* Debug project */ = {isa = XCBuildConfiguration; buildSettings = {CLANG_ENABLE_MODULES = YES; MACOSX_DEPLOYMENT_TARGET = 14.0; SDKROOT = macosx; SWIFT_VERSION = 5.0; }; name = Debug; };
		AB0000000000000000000008 /* Release project */ = {isa = XCBuildConfiguration; buildSettings = {CLANG_ENABLE_MODULES = YES; MACOSX_DEPLOYMENT_TARGET = 14.0; SDKROOT = macosx; SWIFT_VERSION = 5.0; }; name = Release; };
/* End XCBuildConfiguration section */

/* Begin XCConfigurationList section */
		A90000000000000000000001 /* Build configuration list for PBXNativeTarget "DuoPrototype" */ = {isa = XCConfigurationList; buildConfigurations = (AB0000000000000000000003 /* Debug app */, AB0000000000000000000004 /* Release app */, ); defaultConfigurationIsVisible = 0; defaultConfigurationName = Release; };
		A90000000000000000000002 /* Build configuration list for PBXNativeTarget "DuoWidget" */ = {isa = XCConfigurationList; buildConfigurations = (AB0000000000000000000005 /* Debug widget */, AB0000000000000000000006 /* Release widget */, ); defaultConfigurationIsVisible = 0; defaultConfigurationName = Release; };
		A90000000000000000000003 /* Build configuration list for PBXProject "DuoPrototype" */ = {isa = XCConfigurationList; buildConfigurations = (AB0000000000000000000007 /* Debug project */, AB0000000000000000000008 /* Release project */, ); defaultConfigurationIsVisible = 0; defaultConfigurationName = Release; };
/* End XCConfigurationList section */
	};
	rootObject = A60000000000000000000001 /* Project object */;
}
